{
  "name": "@types/universal-cookie-express",
  "version": "2.1.2-1",
  "lockfileVersion": 1,
  "requires": true,
  "dependencies": {
    "@types/body-parser": {
      "version": "1.16.8",
      "resolved": "https://registry.npmjs.org/@types/body-parser/-/body-parser-1.16.8.tgz",
      "integrity": "sha512-BdN2PXxOFnTXFcyONPW6t0fHjz2fvRZHVMFpaS0wYr+Y8fWEaNOs4V8LEu/fpzQlMx+ahdndgTaGTwPC+J/EeA==",
      "dev": true,
      "requires": {
        "@types/express": "4.0.39",
        "@types/node": "8.0.57"
      }
    },
    "@types/express": {
      "version": "4.0.39",
      "resolved": "https://registry.npmjs.org/@types/express/-/express-4.0.39.tgz",
      "integrity": "sha512-dBUam7jEjyuEofigUXCtublUHknRZvcRgITlGsTbFgPvnTwtQUt2NgLakbsf+PsGo/Nupqr3IXCYsOpBpofyrA==",
      "dev": true,
      "requires": {
        "@types/body-parser": "1.16.8",
        "@types/express-serve-static-core": "4.0.57",
        "@types/serve-static": "1.13.1"
      }
    },
    "@types/express-serve-static-core": {
      "version": "4.0.57",
      "resolved": "https://registry.npmjs.org/@types/express-serve-static-core/-/express-serve-static-core-4.0.57.tgz",
      "integrity": "sha512-QLAHjdLwEICm3thVbXSKRoisjfgMVI4xJH/HU8F385BR2HI7PmM6ax4ELXf8Du6sLmSpySXMYaI+xc//oQ/IFw==",
      "dev": true,
      "requires": {
        "@types/node": "8.0.57"
      }
    },
    "@types/mime": {
      "version": "2.0.0",
      "resolved": "https://registry.npmjs.org/@types/mime/-/mime-2.0.0.tgz",
      "integrity": "sha512-A2TAGbTFdBw9azHbpVd+/FkdW2T6msN1uct1O9bH3vTerEHKZhTXJUQXy+hNq1B0RagfU8U+KBdqiZpxjhOUQA==",
      "dev": true
    },
    "@types/node": {
      "version": "8.0.57",
      "resolved": "https://registry.npmjs.org/@types/node/-/node-8.0.57.tgz",
      "integrity": "sha512-ZxrhcBxlZA7tn0HFf7ebUYfR9aHyBgjyavBLzyrYMYuAMbONBPY4S5O35562iV2FfwnZCjQky3gTDy1B3jSZ2Q==",
      "dev": true
    },
    "@types/serve-static": {
      "version": "1.13.1",
      "resolved": "https://registry.npmjs.org/@types/serve-static/-/serve-static-1.13.1.tgz",
      "integrity": "sha512-jDMH+3BQPtvqZVIcsH700Dfi8Q3MIcEx16g/VdxjoqiGR/NntekB10xdBpirMKnPe9z2C5cBmL0vte0YttOr3Q==",
      "dev": true,
      "requires": {
        "@types/express-serve-static-core": "4.0.57",
        "@types/mime": "2.0.0"
      }
    },
    "@types/universal-cookie": {
      "version": "git+ssh://git@github.com/S64/types-universal-cookie.git#94d1b4813879268d335f8751e1a07b6d2fd2aa6a",
      "dev": true
    },
    "cookie": {
      "version": "0.3.1",
      "resolved": "https://registry.npmjs.org/cookie/-/cookie-0.3.1.tgz",
      "integrity": "sha1-5+Ch+e9DtMi6klxcWpboBtFoc7s=",
      "dev": true
    },
    "object-assign": {
      "version": "4.1.1",
      "resolved": "https://registry.npmjs.org/object-assign/-/object-assign-4.1.1.tgz",
      "integrity": "sha1-IQmtx5ZYh8/AXLvUQsrIv7s2CGM=",
      "dev": true
    },
    "universal-cookie": {
      "version": "2.1.2",
      "resolved": "https://registry.npmjs.org/universal-cookie/-/universal-cookie-2.1.2.tgz",
      "integrity": "sha512-F/rsGtceIw9hR5cHCckluI2wO2CmEe4hb3jGC+EJ+1feeFmc5byaenW/1Cg/bUggJ11qNFSTVqnocP5Y0HwNeg==",
      "dev": true,
      "requires": {
        "cookie": "0.3.1",
        "object-assign": "4.1.1"
      }
    },
    "universal-cookie-express": {
      "version": "2.1.2",
      "resolved": "https://registry.npmjs.org/universal-cookie-express/-/universal-cookie-express-2.1.2.tgz",
      "integrity": "sha512-b6m95NGEXnft35zmKi7+Hd7cRvDEukq6IEvLXk3x7SsonLHmg053b1adSFEf0R1h34EqVatJjIKRAaj8Y4iLow==",
      "dev": true,
      "requires": {
        "universal-cookie": "2.1.2"
      }
    }
  }
}
